// !$*UTF8*$!
{
	archiveVersion = 1;
	classes = {
	};
	objectVersion = 50;
	objects = {

/* Begin PBXBuildFile section */
		10808BEB245C29D40091CAE0 /* AppDelegate.swift in Sources */ = {isa = PBXBuildFile; fileRef = 10808BEA245C29D40091CAE0 /* AppDelegate.swift */; };
		10808BED245C29D40091CAE0 /* SceneDelegate.swift in Sources */ = {isa = PBXBuildFile; fileRef = 10808BEC245C29D40091CAE0 /* SceneDelegate.swift */; };
		10808BEF245C29D40091CAE0 /* ViewController.swift in Sources */ = {isa = PBXBuildFile; fileRef = 10808BEE245C29D40091CAE0 /* ViewController.swift */; };
		10808BF2245C29D40091CAE0 /* Main.storyboard in Resources */ = {isa = PBXBuildFile; fileRef = 10808BF0245C29D40091CAE0 /* Main.storyboard */; };
		10808BF4245C29DA0091CAE0 /* Assets.xcassets in Resources */ = {isa = PBXBuildFile; fileRef = 10808BF3245C29DA0091CAE0 /* Assets.xcassets */; };
		10808BF7245C29DA0091CAE0 /* LaunchScreen.storyboard in Resources */ = {isa = PBXBuildFile; fileRef = 10808BF5245C29DA0091CAE0 /* LaunchScreen.storyboard */; };
/* End PBXBuildFile section */

/* Begin PBXFileReference section */
		10808BE7245C29D40091CAE0 /* ferriewheel.app */ = {isa = PBXFileReference; explicitFileType = wrapper.application; includeInIndex = 0; path = ferriewheel.app; sourceTree = BUILT_PRODUCTS_DIR; };
		10808BEA245C29D40091CAE0 /* AppDelegate.swift */ = {isa = PBXFileReference; lastKnownFileType = sourcecode.swift; path = AppDelegate.swift; sourceTree = "<group>"; };
		10808BEC245C29D40091CAE0 /* SceneDelegate.swift */ = {isa = PBXFileReference; lastKnownFileType = sourcecode.swift; path = SceneDelegate.swift; sourceTree = "<group>"; };
		10808BEE245C29D40091CAE0 /* ViewController.swift */ = {isa = PBXFileReference; lastKnownFileType = sourcecode.swift; path = ViewController.swift; sourceTree = "<group>"; };
		10808BF1245C29D40091CAE0 /* Base */ = {isa = PBXFileReference; lastKnownFileType = file.storyboard; name = Base; path = Base.lproj/Main.storyboard; sourceTree = "<group>"; };
		10808BF3245C29DA0091CAE0 /* Assets.xcassets */ = {isa = PBXFileReference; lastKnownFileType = folder.assetcatalog; path = Assets.xcassets; sourceTree = "<group>"; };
		10808BF6245C29DA0091CAE0 /* Base */ = {isa = PBXFileReference; lastKnownFileType = file.storyboard; name = Base; path = Base.lproj/LaunchScreen.storyboard; sourceTree = "<group>"; };
		10808BF8245C29DA0091CAE0 /* Info.plist */ = {isa = PBXFileReference; lastKnownFileType = text.plist.xml; path = Info.plist; sourceTree = "<group>"; };
/* End PBXFileReference section */

/* Begin PBXFrameworksBuildPhase section */
		10808BE4245C29D40091CAE0 /* Frameworks */ = {
			isa = PBXFrameworksBuildPhase;
			buildActionMask = 2147483647;
			files = (
			);
			runOnlyForDeploymentPostprocessing = 0;
		};
/* End PBXFrameworksBuildPhase section */

/* Begin PBXGroup section */
		10808BDE245C29D40091CAE0 = {
			isa = PBXGroup;
			children = (
				10808BE9245C29D40091CAE0 /* ferriewheel */,
				10808BE8245C29D40091CAE0 /* Products */,
			);
			sourceTree = "<group>";
		};
		10808BE8245C29D40091CAE0 /* Products */ = {
			isa = PBXGroup;
			children = (
				10808BE7245C29D40091CAE0 /* ferriewheel.app */,
			);
			name = Products;
			sourceTree = "<group>";
		};
		10808BE9245C29D40091CAE0 /* ferriewheel */ = {
			isa = PBXGroup;
			children = (
				10808BEA245C29D40091CAE0 /* AppDelegate.swift */,
				10808BEC245C29D40091CAE0 /* SceneDelegate.swift */,
				10808BEE245C29D40091CAE0 /* ViewController.swift */,
				10808BF0245C29D40091CAE0 /* Main.storyboard */,
				10808BF3245C29DA0091CAE0 /* Assets.xcassets */,
				10808BF5245C29DA0091CAE0 /* LaunchScreen.storyboard */,
				10808BF8245C29DA0091CAE0 /* Info.plist */,
			);
			path = ferriewheel;
			sourceTree = "<group>";
		};
/* End PBXGroup section */

/* Begin PBXNativeTarget section */
		10808BE6245C29D40091CAE0 /* ferriewheel */ = {
			isa = PBXNativeTarget;
			buildConfigurationList = 10808BFB245C29DA0091CAE0 /* Build configuration list for PBXNativeTarget "ferriewheel" */;
			buildPhases = (
				10808BE3245C29D40091CAE0 /* Sources */,
				10808BE4245C29D40091CAE0 /* Frameworks */,
				10808BE5245C29D40091CAE0 /* Resources */,
			);
			buildRules = (
			);
			dependencies = (
			);
			name = ferriewheel;
			productName = ferriewheel;
			productReference = 10808BE7245C29D40091CAE0 /* ferriewheel.app */;
			productType = "com.apple.product-type.application";
		};
/* End PBXNativeTarget section */

/* Begin PBXProject section */
		10808BDF245C29D40091CAE0 /* Project object */ = {
			isa = PBXProject;
			attributes = {
				LastSwiftUpdateCheck = 1140;
				LastUpgradeCheck = 1140;
				ORGANIZATIONNAME = "Carrie(hinet)";
				TargetAttributes = {
					10808BE6245C29D40091CAE0 = {
						CreatedOnToolsVersion = 11.4;
					};
				};
			};
			buildConfigurationList = 10808BE2245C29D40091CAE0 /* Build configuration list for PBXProject "ferriewheel" */;
			compatibilityVersion = "Xcode 9.3";
			developmentRegion = en;
			hasScannedForEncodings = 0;
			knownRegions = (
				en,
				Base,
			);
			mainGroup = 10808BDE245C29D40091CAE0;
			productRefGroup = 10808BE8245C29D40091CAE0 /* Products */;
			projectDirPath = "";
			projectRoot = "";
			targets = (
				10808BE6245C29D40091CAE0 /* ferriewheel */,
			);
		};
/* End PBXProject section */

/* Begin PBXResourcesBuildPhase section */
		10808BE5245C29D40091CAE0 /* Resources */ = {
			isa = PBXResourcesBuildPhase;
			buildActionMask = 2147483647;
			files = (
				10808BF7245C29DA0091CAE0 /* LaunchScreen.storyboard in Resources */,
				10808BF4245C29DA0091CAE0 /* Assets.xcassets in Resources */,
				10808BF2245C29D40091CAE0 /* Main.storyboard in Resources */,
			);
			runOnlyForDeploymentPostprocessing = 0;
		};
/* End PBXResourcesBuildPhase section */

/* Begin PBXSourcesBuildPhase section */
		10808BE3245C29D40091CAE0 /* Sources */ = {
			isa = PBXSourcesBuildPhase;
			buildActionMask = 2147483647;
			files = (
				10808BEF245C29D40091CAE0 /* ViewController.swift in Sources */,
				10808BEB245C29D40091CAE0 /* AppDelegate.swift in Sources */,
				10808BED245C29D40091CAE0 /* SceneDelegate.swift in Sources */,
			);
			runOnlyForDeploymentPostprocessing = 0;
		};
/* End PBXSourcesBuildPhase section */

/* Begin PBXVariantGroup section */
		10808BF0245C29D40091CAE0 /* Main.storyboard */ = {
			isa = PBXVariantGroup;
			children = (
				10808BF1245C29D40091CAE0 /* Base */,
			);
			name = Main.storyboard;
			sourceTree = "<group>";
		};
		10808BF5245C29DA0091CAE0 /* LaunchScreen.storyboard */ = {
			isa = PBXVariantGroup;
			children = (
				10808BF6245C29DA0091CAE0 /* Base */,
			);
			name = LaunchScreen.storyboard;
			sourceTree = "<group>";
		};
/* End PBXVariantGroup section */

/* Begin XCBuildConfiguration section */
		10808BF9245C29DA0091CAE0 /* Debug */ = {
			isa = XCBuildConfiguration;
			buildSettings = {
				ALWAYS_SEARCH_USER_PATHS = NO;
				CLANG_ANALYZER_NONNULL = YES;
				CLANG_ANALYZER_NUMBER_OBJECT_CONVERSION = YES_AGGRESSIVE;
				CLANG_CXX_LANGUAGE_STANDARD = "gnu++14";
				CLANG_CXX_LIBRARY = "libc++";
				CLANG_ENABLE_MODULES = YES;
				CLANG_ENABLE_OBJC_ARC = YES;
				CLANG_ENABLE_OBJC_WEAK = YES;
				CLANG_WARN_BLOCK_CAPTURE_AUTORELEASING = YES;
				CLANG_WARN_BOOL_CONVERSION = YES;
				CLANG_WARN_COMMA = YES;
				CLANG_WARN_CONSTANT_CONVERSION = YES;
				CLANG_WARN_DEPRECATED_OBJC_IMPLEMENTATIONS = YES;
				CLANG_WARN_DIRECT_OBJC_ISA_USAGE = YES_ERROR;
				CLANG_WARN_DOCUMENTATION_COMMENTS = YES;
				CLANG_WARN_EMPTY_BODY = YES;
				CLANG_WARN_ENUM_CONVERSION = YES;
				CLANG_WARN_INFINITE_RECURSION = YES;
				CLANG_WARN_INT_CONVERSION = YES;
				CLANG_WARN_NON_LITERAL_NULL_CONVERSION = YES;
				CLANG_WARN_OBJC_IMPLICIT_RETAIN_SELF = YES;
				CLANG_WARN_OBJC_LITERAL_CONVERSION = YES;
				CLANG_WARN_OBJC_ROOT_CLASS = YES_ERROR;
				CLANG_WARN_RANGE_LOOP_ANALYSIS = YES;
				CLANG_WARN_STRICT_PROTOTYPES = YES;
				CLANG_WARN_SUSPICIOUS_MOVE = YES;
				CLANG_WARN_UNGUARDED_AVAILABILITY = YES_AGGRESSIVE;
				CLANG_WARN_UNREACHABLE_CODE = YES;
				CLANG_WARN__DUPLICATE_METHOD_MATCH = YES;
				COPY_PHASE_STRIP = NO;
				DEBUG_INFORMATION_FORMAT = dwarf;
				ENABLE_STRICT_OBJC_MSGSEND = YES;
				ENABLE_TESTABILITY = YES;
				GCC_C_LANGUAGE_STANDARD = gnu11;
				GCC_DYNAMIC_NO_PIC = NO;
				GCC_NO_COMMON_BLOCKS = YES;
				GCC_OPTIMIZATION_LEVEL = 0;
				GCC_PREPROCESSOR_DEFINITIONS = (
					"DEBUG=1",
					"$(inherited)",
				);
				GCC_WARN_64_TO_32_BIT_CONVERSION = YES;
				GCC_WARN_ABOUT_RETURN_TYPE = YES_ERROR;
				GCC_WARN_UNDECLARED_SELECTOR = YES;
				GCC_WARN_UNINITIALIZED_AUTOS = YES_AGGRESSIVE;
				GCC_WARN_UNUSED_FUNCTION = YES;
				GCC_WARN_UNUSED_VARIABLE = YES;
				IPHONEOS_DEPLOYMENT_TARGET = 13.4;
				MTL_ENABLE_DEBUG_INFO = INCLUDE_SOURCE;
				MTL_FAST_MATH = YES;
				ONLY_ACTIVE_ARCH = YES;
				SDKROOT = iphoneos;
				SWIFT_ACTIVE_COMPILATION_CONDITIONS = DEBUG;
				SWIFT_OPTIMIZATION_LEVEL = "-Onone";
			};
			name = Debug;
		};
		10808BFA245C29DA0091CAE0 /* Release */ = {
			isa = XCBuildConfiguration;
			buildSettings = {
				ALWAYS_SEARCH_USER_PATHS = NO;
				CLANG_ANALYZER_NONNULL = YES;
				CLANG_ANALYZER_NUMBER_OBJECT_CONVERSION = YES_AGGRESSIVE;
				CLANG_CXX_LANGUAGE_STANDARD = "gnu++14";
				CLANG_CXX_LIBRARY = "libc++";
				CLANG_ENABLE_MODULES = YES;
				CLANG_ENABLE_OBJC_ARC = YES;
				CLANG_ENABLE_OBJC_WEAK = YES;
				CLANG_WARN_BLOCK_CAPTURE_AUTORELEASING = YES;
				CLANG_WARN_BOOL_CONVERSION = YES;
				CLANG_WARN_COMMA = YES;
				CLANG_WARN_CONSTANT_CONVERSION = YES;
				CLANG_WARN_DEPRECATED_OBJC_IMPLEMENTATIONS = YES;
				CLANG_WARN_DIRECT_OBJC_ISA_USAGE = YES_ERROR;
				CLANG_WARN_DOCUMENTATION_COMMENTS = YES;
				CLANG_WARN_EMPTY_BODY = YES;
				CLANG_WARN_ENUM_CONVERSION = YES;
				CLANG_WARN_INFINITE_RECURSION = YES;
				CLANG_WARN_INT_CONVERSION = YES;
				CLANG_WARN_NON_LITERAL_NULL_CONVERSION = YES;
				CLANG_WARN_OBJC_IMPLICIT_RETAIN_SELF = YES;
				CLANG_WARN_OBJC_LITERAL_CONVERSION = YES;
				CLANG_WARN_OBJC_ROOT_CLASS = YES_ERROR;
				CLANG_WARN_RANGE_LOOP_ANALYSIS = YES;
				CLANG_WARN_STRICT_PROTOTYPES = YES;
				CLANG_WARN_SUSPICIOUS_MOVE = YES;
				CLANG_WARN_UNGUARDED_AVAILABILITY = YES_AGGRESSIVE;
				CLANG_WARN_UNREACHABLE_CODE = YES;
				CLANG_WARN__DUPLICATE_METHOD_MATCH = YES;
				COPY_PHASE_STRIP = NO;
				DEBUG_INFORMATION_FORMAT = "dwarf-with-dsym";
				ENABLE_NS_ASSERTIONS = NO;
				ENABLE_STRICT_OBJC_MSGSEND = YES;
				GCC_C_LANGUAGE_STANDARD = gnu11;
				GCC_NO_COMMON_BLOCKS = YES;
				GCC_WARN_64_TO_32_BIT_CONVERSION = YES;
				GCC_WARN_ABOUT_RETURN_TYPE = YES_ERROR;
				GCC_WARN_UNDECLARED_SELECTOR = YES;
				GCC_WARN_UNINITIALIZED_AUTOS = YES_AGGRESSIVE;
				GCC_WARN_UNUSED_FUNCTION = YES;
				GCC_WARN_UNUSED_VARIABLE = YES;
				IPHONEOS_DEPLOYMENT_TARGET = 13.4;
				MTL_ENABLE_DEBUG_INFO = NO;
				MTL_FAST_MATH = YES;
				SDKROOT = iphoneos;
				SWIFT_COMPILATION_MODE = wholemodule;
				SWIFT_OPTIMIZATION_LEVEL = "-O";
				VALIDATE_PRODUCT = YES;
			};
			name = Release;
		};
		10808BFC245C29DA0091CAE0 /* Debug */ = {
			isa = XCBuildConfiguration;
			buildSettings = {
				ASSETCATALOG_COMPILER_APPICON_NAME = AppIcon;
				CODE_SIGN_STYLE = Automatic;
				DEVELOPMENT_TEAM = 3V3Z7ZK264;
				INFOPLIST_FILE = ferriewheel/Info.plist;
				LD_RUNPATH_SEARCH_PATHS = (
					"$(inherited)",
					"@executable_path/Frameworks",
				);
				PRODUCT_BUNDLE_IDENTIFIER = "DEMO-app.ferriewheel";
				PRODUCT_NAME = "$(TARGET_NAME)";
				SWIFT_VERSION = 5.0;
				TARGETED_DEVICE_FAMILY = "1,2";
			};
			name = Debug;
		};
		10808BFD245C29DA0091CAE0 /* Release */ = {
			isa = XCBuildConfiguration;
			buildSettings = {
				ASSETCATALOG_COMPILER_APPICON_NAME = AppIcon;
				CODE_SIGN_STYLE = Automatic;
				DEVELOPMENT_TEAM = 3V3Z7ZK264;
				INFOPLIST_FILE = ferriewheel/Info.plist;
				LD_RUNPATH_SEARCH_PATHS = (
					"$(inherited)",
					"@executable_path/Frameworks",
				);
				PRODUCT_BUNDLE_IDENTIFIER = "DEMO-app.ferriewheel";
				PRODUCT_NAME = "$(TARGET_NAME)";
				SWIFT_VERSION = 5.0;
				TARGETED_DEVICE_FAMILY = "1,2";
			};
			name = Release;
		};
/* End XCBuildConfiguration section */

/* Begin XCConfigurationList section */
		10808BE2245C29D40091CAE0 /* Build configuration list for PBXProject "ferriewheel" */ = {
			isa = XCConfigurationList;
			buildConfigurations = (
				10808BF9245C29DA0091CAE0 /* Debug */,
				10808BFA245C29DA0091CAE0 /* Release */,
			);
			defaultConfigurationIsVisible = 0;
			defaultConfigurationName = Release;
		};
		10808BFB245C29DA0091CAE0 /* Build configuration list for PBXNativeTarget "ferriewheel" */ = {
			isa = XCConfigurationList;
			buildConfigurations = (
				10808BFC245C29DA0091CAE0 /* Debug */,
				10808BFD245C29DA0091CAE0 /* Release */,
			);
			defaultConfigurationIsVisible = 0;
			defaultConfigurationName = Release;
		};
/* End XCConfigurationList section */
	};
	rootObject = 10808BDF245C29D40091CAE0 /* Project object */;
}
